
Microsoft Visual Studio Solution File, Format Version 12.00
# Visual Studio 2015
Project("{FAE04EC0-301F-11D3-BF4B-00C04F79EFBC}") = "Making A Car", "Making A Car.csproj", "{197BD8DB-D0AD-9573-B62C-3D2D14117917}"
EndProject
Global
	GlobalSection(SolutionConfigurationPlatforms) = preSolution
		Debug|Any CPU = Debug|Any CPU
		Release|Any CPU = Release|Any CPU
	EndGlobalSection
	GlobalSection(ProjectConfigurationPlatforms) = postSolution
		{197BD8DB-D0AD-9573-B62C-3D2D14117917}.Debug|Any CPU.ActiveCfg = Debug|Any CPU
		{197BD8DB-D0AD-9573-B62C-3D2D14117917}.Debug|Any CPU.Build.0 = Debug|Any CPU
		{197BD8DB-D0AD-9573-B62C-3D2D14117917}.Release|Any CPU.ActiveCfg = Release|Any CPU
		{197BD8DB-D0AD-9573-B62C-3D2D14117917}.Release|Any CPU.Build.0 = Release|Any CPU
	EndGlobalSection
	GlobalSection(SolutionProperties) = preSolution
		HideSolutionNode = FALSE
	EndGlobalSection
EndGlobal
